{
  "requires": true,
  "lockfileVersion": 1,
  "dependencies": {
    "formidable": {
      "version": "1.2.2",
      "resolved": "https://registry.npm.taobao.org/formidable/download/formidable-1.2.2.tgz",
      "integrity": "sha1-v2muopcpgmdfAIZTQrmCmG9rjdk=",
      "dev": true
    },
    "sf-inner-service": {
      "version": "1.6.1",
      "resolved": "https://registry.nlark.com/sf-inner-service/download/sf-inner-service-1.6.1.tgz",
      "integrity": "sha1-NzK89jhB0Bu7ey1sqKCpHtJ/N4g=",
      "dev": true,
      "requires": {
        "formidable": "^1.2.1",
        "ws": "^7.1.2"
      }
    },
    "ws": {
      "version": "7.5.3",
      "resolved": "https://registry.nlark.com/ws/download/ws-7.5.3.tgz?cache=0&sync_timestamp=1628712703768&other_urls=https%3A%2F%2Fregistry.nlark.com%2Fws%2Fdownload%2Fws-7.5.3.tgz",
      "integrity": "sha1-Fgg1tjx9l7+rQY/BuKn87SrAGnQ=",
      "dev": true
    }
  }
}
